
<<<<<<< HEAD
Microsoft Visual Studio Solution File, Format Version 12.00
# Visual Studio 15
=======
Microsoft Visual Studio Solution File, Format Version 11.00
# Visual Studio 2010
>>>>>>> Arjun
Project("{FAE04EC0-301F-11D3-BF4B-00C04F79EFBC}") = "Assembly-CSharp-firstpass", "Assembly-CSharp-firstpass.csproj", "{945BC421-FD26-5100-64DB-9CE346F09BB0}"
EndProject
Project("{FAE04EC0-301F-11D3-BF4B-00C04F79EFBC}") = "Assembly-CSharp", "Assembly-CSharp.csproj", "{5DACD273-41F6-1C87-82F0-70BCCA112BF5}"
EndProject
Project("{FAE04EC0-301F-11D3-BF4B-00C04F79EFBC}") = "Assembly-CSharp-Editor", "Assembly-CSharp-Editor.csproj", "{6410704E-CD94-EC94-395D-B03BAC617FB3}"
EndProject
Global
	GlobalSection(SolutionConfigurationPlatforms) = preSolution
		Debug|Any CPU = Debug|Any CPU
		Release|Any CPU = Release|Any CPU
	EndGlobalSection
	GlobalSection(ProjectConfigurationPlatforms) = postSolution
		{945BC421-FD26-5100-64DB-9CE346F09BB0}.Debug|Any CPU.ActiveCfg = Debug|Any CPU
		{945BC421-FD26-5100-64DB-9CE346F09BB0}.Debug|Any CPU.Build.0 = Debug|Any CPU
		{945BC421-FD26-5100-64DB-9CE346F09BB0}.Release|Any CPU.ActiveCfg = Release|Any CPU
		{945BC421-FD26-5100-64DB-9CE346F09BB0}.Release|Any CPU.Build.0 = Release|Any CPU
		{5DACD273-41F6-1C87-82F0-70BCCA112BF5}.Debug|Any CPU.ActiveCfg = Debug|Any CPU
		{5DACD273-41F6-1C87-82F0-70BCCA112BF5}.Debug|Any CPU.Build.0 = Debug|Any CPU
		{5DACD273-41F6-1C87-82F0-70BCCA112BF5}.Release|Any CPU.ActiveCfg = Release|Any CPU
		{5DACD273-41F6-1C87-82F0-70BCCA112BF5}.Release|Any CPU.Build.0 = Release|Any CPU
		{6410704E-CD94-EC94-395D-B03BAC617FB3}.Debug|Any CPU.ActiveCfg = Debug|Any CPU
		{6410704E-CD94-EC94-395D-B03BAC617FB3}.Debug|Any CPU.Build.0 = Debug|Any CPU
		{6410704E-CD94-EC94-395D-B03BAC617FB3}.Release|Any CPU.ActiveCfg = Release|Any CPU
		{6410704E-CD94-EC94-395D-B03BAC617FB3}.Release|Any CPU.Build.0 = Release|Any CPU
	EndGlobalSection
	GlobalSection(SolutionProperties) = preSolution
		HideSolutionNode = FALSE
	EndGlobalSection
EndGlobal
